
Microsoft Visual Studio Solution File, Format Version 12.00
Project("{FAE04EC0-301F-11D3-BF4B-00C04F79EFBC}") = "Emotions.API", "Emotions.API\Emotions.API.csproj", "{22748003-84C7-41CD-A814-99BB9BB260EA}"
EndProject
Project("{FAE04EC0-301F-11D3-BF4B-00C04F79EFBC}") = "Emotions.Domain", "Emotions.Domain\Emotions.Domain.csproj", "{E0FF1168-4F25-40A9-BF35-61EAE94A902D}"
EndProject
Project("{FAE04EC0-301F-11D3-BF4B-00C04F79EFBC}") = "Emotions.Application", "Emotions.Application\Emotions.Application.csproj", "{87D0CDA5-C8D6-4B0D-8596-1FA8821B8EF2}"
EndProject
Project("{FAE04EC0-301F-11D3-BF4B-00C04F79EFBC}") = "Emotions.Infrastructure", "Emotions.Infrastructure\Emotions.Infrastructure.csproj", "{7F9E0119-A72D-451D-8C45-2A1EE2850AF9}"
EndProject
Global
	GlobalSection(SolutionConfigurationPlatforms) = preSolution
		Debug|Any CPU = Debug|Any CPU
		Release|Any CPU = Release|Any CPU
	EndGlobalSection
	GlobalSection(ProjectConfigurationPlatforms) = postSolution
		{22748003-84C7-41CD-A814-99BB9BB260EA}.Debug|Any CPU.ActiveCfg = Debug|Any CPU
		{22748003-84C7-41CD-A814-99BB9BB260EA}.Debug|Any CPU.Build.0 = Debug|Any CPU
		{22748003-84C7-41CD-A814-99BB9BB260EA}.Release|Any CPU.ActiveCfg = Release|Any CPU
		{22748003-84C7-41CD-A814-99BB9BB260EA}.Release|Any CPU.Build.0 = Release|Any CPU
		{E0FF1168-4F25-40A9-BF35-61EAE94A902D}.Debug|Any CPU.ActiveCfg = Debug|Any CPU
		{E0FF1168-4F25-40A9-BF35-61EAE94A902D}.Debug|Any CPU.Build.0 = Debug|Any CPU
		{E0FF1168-4F25-40A9-BF35-61EAE94A902D}.Release|Any CPU.ActiveCfg = Release|Any CPU
		{E0FF1168-4F25-40A9-BF35-61EAE94A902D}.Release|Any CPU.Build.0 = Release|Any CPU
		{87D0CDA5-C8D6-4B0D-8596-1FA8821B8EF2}.Debug|Any CPU.ActiveCfg = Debug|Any CPU
		{87D0CDA5-C8D6-4B0D-8596-1FA8821B8EF2}.Debug|Any CPU.Build.0 = Debug|Any CPU
		{87D0CDA5-C8D6-4B0D-8596-1FA8821B8EF2}.Release|Any CPU.ActiveCfg = Release|Any CPU
		{87D0CDA5-C8D6-4B0D-8596-1FA8821B8EF2}.Release|Any CPU.Build.0 = Release|Any CPU
		{7F9E0119-A72D-451D-8C45-2A1EE2850AF9}.Debug|Any CPU.ActiveCfg = Debug|Any CPU
		{7F9E0119-A72D-451D-8C45-2A1EE2850AF9}.Debug|Any CPU.Build.0 = Debug|Any CPU
		{7F9E0119-A72D-451D-8C45-2A1EE2850AF9}.Release|Any CPU.ActiveCfg = Release|Any CPU
		{7F9E0119-A72D-451D-8C45-2A1EE2850AF9}.Release|Any CPU.Build.0 = Release|Any CPU
	EndGlobalSection
EndGlobal
